// !$*UTF8*$!
{
	archiveVersion = 1;
	classes = {
	};
	objectVersion = 55;
	objects = {

/* Begin PBXBuildFile section */
		F94D325728D0CAA70099E6D6 /* Multiply_ProjectApp.swift in Sources */ = {isa = PBXBuildFile; fileRef = F94D325628D0CAA70099E6D6 /* Multiply_ProjectApp.swift */; };
		F94D325928D0CAA70099E6D6 /* ContentView.swift in Sources */ = {isa = PBXBuildFile; fileRef = F94D325828D0CAA70099E6D6 /* ContentView.swift */; };
		F94D325B28D0CAA90099E6D6 /* Assets.xcassets in Resources */ = {isa = PBXBuildFile; fileRef = F94D325A28D0CAA90099E6D6 /* Assets.xcassets */; };
		F94D325E28D0CAA90099E6D6 /* Preview Assets.xcassets in Resources */ = {isa = PBXBuildFile; fileRef = F94D325D28D0CAA90099E6D6 /* Preview Assets.xcassets */; };
		F94D326828D0CAA90099E6D6 /* Multiply_ProjectTests.swift in Sources */ = {isa = PBXBuildFile; fileRef = F94D326728D0CAA90099E6D6 /* Multiply_ProjectTests.swift */; };
		F94D327228D0CAA90099E6D6 /* Multiply_ProjectUITests.swift in Sources */ = {isa = PBXBuildFile; fileRef = F94D327128D0CAA90099E6D6 /* Multiply_ProjectUITests.swift */; };
		F94D327428D0CAA90099E6D6 /* Multiply_ProjectUITestsLaunchTests.swift in Sources */ = {isa = PBXBuildFile; fileRef = F94D327328D0CAA90099E6D6 /* Multiply_ProjectUITestsLaunchTests.swift */; };
/* End PBXBuildFile section */

/* Begin PBXContainerItemProxy section */
		F94D326428D0CAA90099E6D6 /* PBXContainerItemProxy */ = {
			isa = PBXContainerItemProxy;
			containerPortal = F94D324B28D0CAA70099E6D6 /* Project object */;
			proxyType = 1;
			remoteGlobalIDString = F94D325228D0CAA70099E6D6;
			remoteInfo = "Multiply Project";
		};
		F94D326E28D0CAA90099E6D6 /* PBXContainerItemProxy */ = {
			isa = PBXContainerItemProxy;
			containerPortal = F94D324B28D0CAA70099E6D6 /* Project object */;
			proxyType = 1;
			remoteGlobalIDString = F94D325228D0CAA70099E6D6;
			remoteInfo = "Multiply Project";
		};
/* End PBXContainerItemProxy section */

/* Begin PBXFileReference section */
		F94D325328D0CAA70099E6D6 /* Multiply Project.app */ = {isa = PBXFileReference; explicitFileType = wrapper.application; includeInIndex = 0; path = "Multiply Project.app"; sourceTree = BUILT_PRODUCTS_DIR; };
		F94D325628D0CAA70099E6D6 /* Multiply_ProjectApp.swift */ = {isa = PBXFileReference; lastKnownFileType = sourcecode.swift; path = Multiply_ProjectApp.swift; sourceTree = "<group>"; };
		F94D325828D0CAA70099E6D6 /* ContentView.swift */ = {isa = PBXFileReference; lastKnownFileType = sourcecode.swift; path = ContentView.swift; sourceTree = "<group>"; };
		F94D325A28D0CAA90099E6D6 /* Assets.xcassets */ = {isa = PBXFileReference; lastKnownFileType = folder.assetcatalog; path = Assets.xcassets; sourceTree = "<group>"; };
		F94D325D28D0CAA90099E6D6 /* Preview Assets.xcassets */ = {isa = PBXFileReference; lastKnownFileType = folder.assetcatalog; path = "Preview Assets.xcassets"; sourceTree = "<group>"; };
		F94D326328D0CAA90099E6D6 /* Multiply ProjectTests.xctest */ = {isa = PBXFileReference; explicitFileType = wrapper.cfbundle; includeInIndex = 0; path = "Multiply ProjectTests.xctest"; sourceTree = BUILT_PRODUCTS_DIR; };
		F94D326728D0CAA90099E6D6 /* Multiply_ProjectTests.swift */ = {isa = PBXFileReference; lastKnownFileType = sourcecode.swift; path = Multiply_ProjectTests.swift; sourceTree = "<group>"; };
		F94D326D28D0CAA90099E6D6 /* Multiply ProjectUITests.xctest */ = {isa = PBXFileReference; explicitFileType = wrapper.cfbundle; includeInIndex = 0; path = "Multiply ProjectUITests.xctest"; sourceTree = BUILT_PRODUCTS_DIR; };
		F94D327128D0CAA90099E6D6 /* Multiply_ProjectUITests.swift */ = {isa = PBXFileReference; lastKnownFileType = sourcecode.swift; path = Multiply_ProjectUITests.swift; sourceTree = "<group>"; };
		F94D327328D0CAA90099E6D6 /* Multiply_ProjectUITestsLaunchTests.swift */ = {isa = PBXFileReference; lastKnownFileType = sourcecode.swift; path = Multiply_ProjectUITestsLaunchTests.swift; sourceTree = "<group>"; };
/* End PBXFileReference section */

/* Begin PBXFrameworksBuildPhase section */
		F94D325028D0CAA70099E6D6 /* Frameworks */ = {
			isa = PBXFrameworksBuildPhase;
			buildActionMask = 2147483647;
			files = (
			);
			runOnlyForDeploymentPostprocessing = 0;
		};
		F94D326028D0CAA90099E6D6 /* Frameworks */ = {
			isa = PBXFrameworksBuildPhase;
			buildActionMask = 2147483647;
			files = (
			);
			runOnlyForDeploymentPostprocessing = 0;
		};
		F94D326A28D0CAA90099E6D6 /* Frameworks */ = {
			isa = PBXFrameworksBuildPhase;
			buildActionMask = 2147483647;
			files = (
			);
			runOnlyForDeploymentPostprocessing = 0;
		};
/* End PBXFrameworksBuildPhase section */

/* Begin PBXGroup section */
		F94D324A28D0CAA70099E6D6 = {
			isa = PBXGroup;
			children = (
				F94D325528D0CAA70099E6D6 /* Multiply Project */,
				F94D326628D0CAA90099E6D6 /* Multiply ProjectTests */,
				F94D327028D0CAA90099E6D6 /* Multiply ProjectUITests */,
				F94D325428D0CAA70099E6D6 /* Products */,
			);
			sourceTree = "<group>";
		};
		F94D325428D0CAA70099E6D6 /* Products */ = {
			isa = PBXGroup;
			children = (
				F94D325328D0CAA70099E6D6 /* Multiply Project.app */,
				F94D326328D0CAA90099E6D6 /* Multiply ProjectTests.xctest */,
				F94D326D28D0CAA90099E6D6 /* Multiply ProjectUITests.xctest */,
			);
			name = Products;
			sourceTree = "<group>";
		};
		F94D325528D0CAA70099E6D6 /* Multiply Project */ = {
			isa = PBXGroup;
			children = (
				F94D325628D0CAA70099E6D6 /* Multiply_ProjectApp.swift */,
				F94D325828D0CAA70099E6D6 /* ContentView.swift */,
				F94D325A28D0CAA90099E6D6 /* Assets.xcassets */,
				F94D325C28D0CAA90099E6D6 /* Preview Content */,
			);
			path = "Multiply Project";
			sourceTree = "<group>";
		};
		F94D325C28D0CAA90099E6D6 /* Preview Content */ = {
			isa = PBXGroup;
			children = (
				F94D325D28D0CAA90099E6D6 /* Preview Assets.xcassets */,
			);
			path = "Preview Content";
			sourceTree = "<group>";
		};
		F94D326628D0CAA90099E6D6 /* Multiply ProjectTests */ = {
			isa = PBXGroup;
			children = (
				F94D326728D0CAA90099E6D6 /* Multiply_ProjectTests.swift */,
			);
			path = "Multiply ProjectTests";
			sourceTree = "<group>";
		};
		F94D327028D0CAA90099E6D6 /* Multiply ProjectUITests */ = {
			isa = PBXGroup;
			children = (
				F94D327128D0CAA90099E6D6 /* Multiply_ProjectUITests.swift */,
				F94D327328D0CAA90099E6D6 /* Multiply_ProjectUITestsLaunchTests.swift */,
			);
			path = "Multiply ProjectUITests";
			sourceTree = "<group>";
		};
/* End PBXGroup section */

/* Begin PBXNativeTarget section */
		F94D325228D0CAA70099E6D6 /* Multiply Project */ = {
			isa = PBXNativeTarget;
			buildConfigurationList = F94D327728D0CAA90099E6D6 /* Build configuration list for PBXNativeTarget "Multiply Project" */;
			buildPhases = (
				F94D324F28D0CAA70099E6D6 /* Sources */,
				F94D325028D0CAA70099E6D6 /* Frameworks */,
				F94D325128D0CAA70099E6D6 /* Resources */,
			);
			buildRules = (
			);
			dependencies = (
			);
			name = "Multiply Project";
			productName = "Multiply Project";
			productReference = F94D325328D0CAA70099E6D6 /* Multiply Project.app */;
			productType = "com.apple.product-type.application";
		};
		F94D326228D0CAA90099E6D6 /* Multiply ProjectTests */ = {
			isa = PBXNativeTarget;
			buildConfigurationList = F94D327A28D0CAA90099E6D6 /* Build configuration list for PBXNativeTarget "Multiply ProjectTests" */;
			buildPhases = (
				F94D325F28D0CAA90099E6D6 /* Sources */,
				F94D326028D0CAA90099E6D6 /* Frameworks */,
				F94D326128D0CAA90099E6D6 /* Resources */,
			);
			buildRules = (
			);
			dependencies = (
				F94D326528D0CAA90099E6D6 /* PBXTargetDependency */,
			);
			name = "Multiply ProjectTests";
			productName = "Multiply ProjectTests";
			productReference = F94D326328D0CAA90099E6D6 /* Multiply ProjectTests.xctest */;
			productType = "com.apple.product-type.bundle.unit-test";
		};
		F94D326C28D0CAA90099E6D6 /* Multiply ProjectUITests */ = {
			isa = PBXNativeTarget;
			buildConfigurationList = F94D327D28D0CAA90099E6D6 /* Build configuration list for PBXNativeTarget "Multiply ProjectUITests" */;
			buildPhases = (
				F94D326928D0CAA90099E6D6 /* Sources */,
				F94D326A28D0CAA90099E6D6 /* Frameworks */,
				F94D326B28D0CAA90099E6D6 /* Resources */,
			);
			buildRules = (
			);
			dependencies = (
				F94D326F28D0CAA90099E6D6 /* PBXTargetDependency */,
			);
			name = "Multiply ProjectUITests";
			productName = "Multiply ProjectUITests";
			productReference = F94D326D28D0CAA90099E6D6 /* Multiply ProjectUITests.xctest */;
			productType = "com.apple.product-type.bundle.ui-testing";
		};
/* End PBXNativeTarget section */

/* Begin PBXProject section */
		F94D324B28D0CAA70099E6D6 /* Project object */ = {
			isa = PBXProject;
			attributes = {
				BuildIndependentTargetsInParallel = 1;
				LastSwiftUpdateCheck = 1340;
				LastUpgradeCheck = 1340;
				TargetAttributes = {
					F94D325228D0CAA70099E6D6 = {
						CreatedOnToolsVersion = 13.4.1;
					};
					F94D326228D0CAA90099E6D6 = {
						CreatedOnToolsVersion = 13.4.1;
						TestTargetID = F94D325228D0CAA70099E6D6;
					};
					F94D326C28D0CAA90099E6D6 = {
						CreatedOnToolsVersion = 13.4.1;
						TestTargetID = F94D325228D0CAA70099E6D6;
					};
				};
			};
			buildConfigurationList = F94D324E28D0CAA70099E6D6 /* Build configuration list for PBXProject "Multiply Project" */;
			compatibilityVersion = "Xcode 13.0";
			developmentRegion = en;
			hasScannedForEncodings = 0;
			knownRegions = (
				en,
				Base,
			);
			mainGroup = F94D324A28D0CAA70099E6D6;
			productRefGroup = F94D325428D0CAA70099E6D6 /* Products */;
			projectDirPath = "";
			projectRoot = "";
			targets = (
				F94D325228D0CAA70099E6D6 /* Multiply Project */,
				F94D326228D0CAA90099E6D6 /* Multiply ProjectTests */,
				F94D326C28D0CAA90099E6D6 /* Multiply ProjectUITests */,
			);
		};
/* End PBXProject section */

/* Begin PBXResourcesBuildPhase section */
		F94D325128D0CAA70099E6D6 /* Resources */ = {
			isa = PBXResourcesBuildPhase;
			buildActionMask = 2147483647;
			files = (
				F94D325E28D0CAA90099E6D6 /* Preview Assets.xcassets in Resources */,
				F94D325B28D0CAA90099E6D6 /* Assets.xcassets in Resources */,
			);
			runOnlyForDeploymentPostprocessing = 0;
		};
		F94D326128D0CAA90099E6D6 /* Resources */ = {
			isa = PBXResourcesBuildPhase;
			buildActionMask = 2147483647;
			files = (
			);
			runOnlyForDeploymentPostprocessing = 0;
		};
		F94D326B28D0CAA90099E6D6 /* Resources */ = {
			isa = PBXResourcesBuildPhase;
			buildActionMask = 2147483647;
			files = (
			);
			runOnlyForDeploymentPostprocessing = 0;
		};
/* End PBXResourcesBuildPhase section */

/* Begin PBXSourcesBuildPhase section */
		F94D324F28D0CAA70099E6D6 /* Sources */ = {
			isa = PBXSourcesBuildPhase;
			buildActionMask = 2147483647;
			files = (
				F94D325928D0CAA70099E6D6 /* ContentView.swift in Sources */,
				F94D325728D0CAA70099E6D6 /* Multiply_ProjectApp.swift in Sources */,
			);
			runOnlyForDeploymentPostprocessing = 0;
		};
		F94D325F28D0CAA90099E6D6 /* Sources */ = {
			isa = PBXSourcesBuildPhase;
			buildActionMask = 2147483647;
			files = (
				F94D326828D0CAA90099E6D6 /* Multiply_ProjectTests.swift in Sources */,
			);
			runOnlyForDeploymentPostprocessing = 0;
		};
		F94D326928D0CAA90099E6D6 /* Sources */ = {
			isa = PBXSourcesBuildPhase;
			buildActionMask = 2147483647;
			files = (
				F94D327428D0CAA90099E6D6 /* Multiply_ProjectUITestsLaunchTests.swift in Sources */,
				F94D327228D0CAA90099E6D6 /* Multiply_ProjectUITests.swift in Sources */,
			);
			runOnlyForDeploymentPostprocessing = 0;
		};
/* End PBXSourcesBuildPhase section */

/* Begin PBXTargetDependency section */
		F94D326528D0CAA90099E6D6 /* PBXTargetDependency */ = {
			isa = PBXTargetDependency;
			target = F94D325228D0CAA70099E6D6 /* Multiply Project */;
			targetProxy = F94D326428D0CAA90099E6D6 /* PBXContainerItemProxy */;
		};
		F94D326F28D0CAA90099E6D6 /* PBXTargetDependency */ = {
			isa = PBXTargetDependency;
			target = F94D325228D0CAA70099E6D6 /* Multiply Project */;
			targetProxy = F94D326E28D0CAA90099E6D6 /* PBXContainerItemProxy */;
		};
/* End PBXTargetDependency section */

/* Begin XCBuildConfiguration section */
		F94D327528D0CAA90099E6D6 /* Debug */ = {
			isa = XCBuildConfiguration;
			buildSettings = {
				ALWAYS_SEARCH_USER_PATHS = NO;
				CLANG_ANALYZER_NONNULL = YES;
				CLANG_ANALYZER_NUMBER_OBJECT_CONVERSION = YES_AGGRESSIVE;
				CLANG_CXX_LANGUAGE_STANDARD = "gnu++17";
				CLANG_ENABLE_MODULES = YES;
				CLANG_ENABLE_OBJC_ARC = YES;
				CLANG_ENABLE_OBJC_WEAK = YES;
				CLANG_WARN_BLOCK_CAPTURE_AUTORELEASING = YES;
				CLANG_WARN_BOOL_CONVERSION = YES;
				CLANG_WARN_COMMA = YES;
				CLANG_WARN_CONSTANT_CONVERSION = YES;
				CLANG_WARN_DEPRECATED_OBJC_IMPLEMENTATIONS = YES;
				CLANG_WARN_DIRECT_OBJC_ISA_USAGE = YES_ERROR;
				CLANG_WARN_DOCUMENTATION_COMMENTS = YES;
				CLANG_WARN_EMPTY_BODY = YES;
				CLANG_WARN_ENUM_CONVERSION = YES;
				CLANG_WARN_INFINITE_RECURSION = YES;
				CLANG_WARN_INT_CONVERSION = YES;
				CLANG_WARN_NON_LITERAL_NULL_CONVERSION = YES;
				CLANG_WARN_OBJC_IMPLICIT_RETAIN_SELF = YES;
				CLANG_WARN_OBJC_LITERAL_CONVERSION = YES;
				CLANG_WARN_OBJC_ROOT_CLASS = YES_ERROR;
				CLANG_WARN_QUOTED_INCLUDE_IN_FRAMEWORK_HEADER = YES;
				CLANG_WARN_RANGE_LOOP_ANALYSIS = YES;
				CLANG_WARN_STRICT_PROTOTYPES = YES;
				CLANG_WARN_SUSPICIOUS_MOVE = YES;
				CLANG_WARN_UNGUARDED_AVAILABILITY = YES_AGGRESSIVE;
				CLANG_WARN_UNREACHABLE_CODE = YES;
				CLANG_WARN__DUPLICATE_METHOD_MATCH = YES;
				COPY_PHASE_STRIP = NO;
				DEBUG_INFORMATION_FORMAT = dwarf;
				ENABLE_STRICT_OBJC_MSGSEND = YES;
				ENABLE_TESTABILITY = YES;
				GCC_C_LANGUAGE_STANDARD = gnu11;
				GCC_DYNAMIC_NO_PIC = NO;
				GCC_NO_COMMON_BLOCKS = YES;
				GCC_OPTIMIZATION_LEVEL = 0;
				GCC_PREPROCESSOR_DEFINITIONS = (
					"DEBUG=1",
					"$(inherited)",
				);
				GCC_WARN_64_TO_32_BIT_CONVERSION = YES;
				GCC_WARN_ABOUT_RETURN_TYPE = YES_ERROR;
				GCC_WARN_UNDECLARED_SELECTOR = YES;
				GCC_WARN_UNINITIALIZED_AUTOS = YES_AGGRESSIVE;
				GCC_WARN_UNUSED_FUNCTION = YES;
				GCC_WARN_UNUSED_VARIABLE = YES;
				IPHONEOS_DEPLOYMENT_TARGET = 15.5;
				MTL_ENABLE_DEBUG_INFO = INCLUDE_SOURCE;
				MTL_FAST_MATH = YES;
				ONLY_ACTIVE_ARCH = YES;
				SDKROOT = iphoneos;
				SWIFT_ACTIVE_COMPILATION_CONDITIONS = DEBUG;
				SWIFT_OPTIMIZATION_LEVEL = "-Onone";
			};
			name = Debug;
		};
		F94D327628D0CAA90099E6D6 /* Release */ = {
			isa = XCBuildConfiguration;
			buildSettings = {
				ALWAYS_SEARCH_USER_PATHS = NO;
				CLANG_ANALYZER_NONNULL = YES;
				CLANG_ANALYZER_NUMBER_OBJECT_CONVERSION = YES_AGGRESSIVE;
				CLANG_CXX_LANGUAGE_STANDARD = "gnu++17";
				CLANG_ENABLE_MODULES = YES;
				CLANG_ENABLE_OBJC_ARC = YES;
				CLANG_ENABLE_OBJC_WEAK = YES;
				CLANG_WARN_BLOCK_CAPTURE_AUTORELEASING = YES;
				CLANG_WARN_BOOL_CONVERSION = YES;
				CLANG_WARN_COMMA = YES;
				CLANG_WARN_CONSTANT_CONVERSION = YES;
				CLANG_WARN_DEPRECATED_OBJC_IMPLEMENTATIONS = YES;
				CLANG_WARN_DIRECT_OBJC_ISA_USAGE = YES_ERROR;
				CLANG_WARN_DOCUMENTATION_COMMENTS = YES;
				CLANG_WARN_EMPTY_BODY = YES;
				CLANG_WARN_ENUM_CONVERSION = YES;
				CLANG_WARN_INFINITE_RECURSION = YES;
				CLANG_WARN_INT_CONVERSION = YES;
				CLANG_WARN_NON_LITERAL_NULL_CONVERSION = YES;
				CLANG_WARN_OBJC_IMPLICIT_RETAIN_SELF = YES;
				CLANG_WARN_OBJC_LITERAL_CONVERSION = YES;
				CLANG_WARN_OBJC_ROOT_CLASS = YES_ERROR;
				CLANG_WARN_QUOTED_INCLUDE_IN_FRAMEWORK_HEADER = YES;
				CLANG_WARN_RANGE_LOOP_ANALYSIS = YES;
				CLANG_WARN_STRICT_PROTOTYPES = YES;
				CLANG_WARN_SUSPICIOUS_MOVE = YES;
				CLANG_WARN_UNGUARDED_AVAILABILITY = YES_AGGRESSIVE;
				CLANG_WARN_UNREACHABLE_CODE = YES;
				CLANG_WARN__DUPLICATE_METHOD_MATCH = YES;
				COPY_PHASE_STRIP = NO;
				DEBUG_INFORMATION_FORMAT = "dwarf-with-dsym";
				ENABLE_NS_ASSERTIONS = NO;
				ENABLE_STRICT_OBJC_MSGSEND = YES;
				GCC_C_LANGUAGE_STANDARD = gnu11;
				GCC_NO_COMMON_BLOCKS = YES;
				GCC_WARN_64_TO_32_BIT_CONVERSION = YES;
				GCC_WARN_ABOUT_RETURN_TYPE = YES_ERROR;
				GCC_WARN_UNDECLARED_SELECTOR = YES;
				GCC_WARN_UNINITIALIZED_AUTOS = YES_AGGRESSIVE;
				GCC_WARN_UNUSED_FUNCTION = YES;
				GCC_WARN_UNUSED_VARIABLE = YES;
				IPHONEOS_DEPLOYMENT_TARGET = 15.5;
				MTL_ENABLE_DEBUG_INFO = NO;
				MTL_FAST_MATH = YES;
				SDKROOT = iphoneos;
				SWIFT_COMPILATION_MODE = wholemodule;
				SWIFT_OPTIMIZATION_LEVEL = "-O";
				VALIDATE_PRODUCT = YES;
			};
			name = Release;
		};
		F94D327828D0CAA90099E6D6 /* Debug */ = {
			isa = XCBuildConfiguration;
			buildSettings = {
				ASSETCATALOG_COMPILER_APPICON_NAME = AppIcon;
				ASSETCATALOG_COMPILER_GLOBAL_ACCENT_COLOR_NAME = AccentColor;
				CODE_SIGN_STYLE = Automatic;
				CURRENT_PROJECT_VERSION = 1;
				DEVELOPMENT_ASSET_PATHS = "\"Multiply Project/Preview Content\"";
				DEVELOPMENT_TEAM = ZM8QD2KAG2;
				ENABLE_PREVIEWS = YES;
				GENERATE_INFOPLIST_FILE = YES;
				INFOPLIST_KEY_UIApplicationSceneManifest_Generation = YES;
				INFOPLIST_KEY_UIApplicationSupportsIndirectInputEvents = YES;
				INFOPLIST_KEY_UILaunchScreen_Generation = YES;
				INFOPLIST_KEY_UISupportedInterfaceOrientations_iPad = "UIInterfaceOrientationPortrait UIInterfaceOrientationPortraitUpsideDown UIInterfaceOrientationLandscapeLeft UIInterfaceOrientationLandscapeRight";
				INFOPLIST_KEY_UISupportedInterfaceOrientations_iPhone = "UIInterfaceOrientationPortrait UIInterfaceOrientationLandscapeLeft UIInterfaceOrientationLandscapeRight";
				LD_RUNPATH_SEARCH_PATHS = (
					"$(inherited)",
					"@executable_path/Frameworks",
				);
				MARKETING_VERSION = 1.0;
				PRODUCT_BUNDLE_IDENTIFIER = "BrightStar.Multiply-Project";
				PRODUCT_NAME = "$(TARGET_NAME)";
				SWIFT_EMIT_LOC_STRINGS = YES;
				SWIFT_VERSION = 5.0;
				TARGETED_DEVICE_FAMILY = "1,2";
			};
			name = Debug;
		};
		F94D327928D0CAA90099E6D6 /* Release */ = {
			isa = XCBuildConfiguration;
			buildSettings = {
				ASSETCATALOG_COMPILER_APPICON_NAME = AppIcon;
				ASSETCATALOG_COMPILER_GLOBAL_ACCENT_COLOR_NAME = AccentColor;
				CODE_SIGN_STYLE = Automatic;
				CURRENT_PROJECT_VERSION = 1;
				DEVELOPMENT_ASSET_PATHS = "\"Multiply Project/Preview Content\"";
				DEVELOPMENT_TEAM = ZM8QD2KAG2;
				ENABLE_PREVIEWS = YES;
				GENERATE_INFOPLIST_FILE = YES;
				INFOPLIST_KEY_UIApplicationSceneManifest_Generation = YES;
				INFOPLIST_KEY_UIApplicationSupportsIndirectInputEvents = YES;
				INFOPLIST_KEY_UILaunchScreen_Generation = YES;
				INFOPLIST_KEY_UISupportedInterfaceOrientations_iPad = "UIInterfaceOrientationPortrait UIInterfaceOrientationPortraitUpsideDown UIInterfaceOrientationLandscapeLeft UIInterfaceOrientationLandscapeRight";
				INFOPLIST_KEY_UISupportedInterfaceOrientations_iPhone = "UIInterfaceOrientationPortrait UIInterfaceOrientationLandscapeLeft UIInterfaceOrientationLandscapeRight";
				LD_RUNPATH_SEARCH_PATHS = (
					"$(inherited)",
					"@executable_path/Frameworks",
				);
				MARKETING_VERSION = 1.0;
				PRODUCT_BUNDLE_IDENTIFIER = "BrightStar.Multiply-Project";
				PRODUCT_NAME = "$(TARGET_NAME)";
				SWIFT_EMIT_LOC_STRINGS = YES;
				SWIFT_VERSION = 5.0;
				TARGETED_DEVICE_FAMILY = "1,2";
			};
			name = Release;
		};
		F94D327B28D0CAA90099E6D6 /* Debug */ = {
			isa = XCBuildConfiguration;
			buildSettings = {
				ALWAYS_EMBED_SWIFT_STANDARD_LIBRARIES = YES;
				BUNDLE_LOADER = "$(TEST_HOST)";
				CODE_SIGN_STYLE = Automatic;
				CURRENT_PROJECT_VERSION = 1;
				DEVELOPMENT_TEAM = ZM8QD2KAG2;
				GENERATE_INFOPLIST_FILE = YES;
				IPHONEOS_DEPLOYMENT_TARGET = 15.5;
				MARKETING_VERSION = 1.0;
				PRODUCT_BUNDLE_IDENTIFIER = "BrightStar.Multiply-ProjectTests";
				PRODUCT_NAME = "$(TARGET_NAME)";
				SWIFT_EMIT_LOC_STRINGS = NO;
				SWIFT_VERSION = 5.0;
				TARGETED_DEVICE_FAMILY = "1,2";
				TEST_HOST = "$(BUILT_PRODUCTS_DIR)/Multiply Project.app/Multiply Project";
			};
			name = Debug;
		};
		F94D327C28D0CAA90099E6D6 /* Release */ = {
			isa = XCBuildConfiguration;
			buildSettings = {
				ALWAYS_EMBED_SWIFT_STANDARD_LIBRARIES = YES;
				BUNDLE_LOADER = "$(TEST_HOST)";
				CODE_SIGN_STYLE = Automatic;
				CURRENT_PROJECT_VERSION = 1;
				DEVELOPMENT_TEAM = ZM8QD2KAG2;
				GENERATE_INFOPLIST_FILE = YES;
				IPHONEOS_DEPLOYMENT_TARGET = 15.5;
				MARKETING_VERSION = 1.0;
				PRODUCT_BUNDLE_IDENTIFIER = "BrightStar.Multiply-ProjectTests";
				PRODUCT_NAME = "$(TARGET_NAME)";
				SWIFT_EMIT_LOC_STRINGS = NO;
				SWIFT_VERSION = 5.0;
				TARGETED_DEVICE_FAMILY = "1,2";
				TEST_HOST = "$(BUILT_PRODUCTS_DIR)/Multiply Project.app/Multiply Project";
			};
			name = Release;
		};
		F94D327E28D0CAA90099E6D6 /* Debug */ = {
			isa = XCBuildConfiguration;
			buildSettings = {
				ALWAYS_EMBED_SWIFT_STANDARD_LIBRARIES = YES;
				CODE_SIGN_STYLE = Automatic;
				CURRENT_PROJECT_VERSION = 1;
				DEVELOPMENT_TEAM = ZM8QD2KAG2;
				GENERATE_INFOPLIST_FILE = YES;
				MARKETING_VERSION = 1.0;
				PRODUCT_BUNDLE_IDENTIFIER = "BrightStar.Multiply-ProjectUITests";
				PRODUCT_NAME = "$(TARGET_NAME)";
				SWIFT_EMIT_LOC_STRINGS = NO;
				SWIFT_VERSION = 5.0;
				TARGETED_DEVICE_FAMILY = "1,2";
				TEST_TARGET_NAME = "Multiply Project";
			};
			name = Debug;
		};
		F94D327F28D0CAA90099E6D6 /* Release */ = {
			isa = XCBuildConfiguration;
			buildSettings = {
				ALWAYS_EMBED_SWIFT_STANDARD_LIBRARIES = YES;
				CODE_SIGN_STYLE = Automatic;
				CURRENT_PROJECT_VERSION = 1;
				DEVELOPMENT_TEAM = ZM8QD2KAG2;
				GENERATE_INFOPLIST_FILE = YES;
				MARKETING_VERSION = 1.0;
				PRODUCT_BUNDLE_IDENTIFIER = "BrightStar.Multiply-ProjectUITests";
				PRODUCT_NAME = "$(TARGET_NAME)";
				SWIFT_EMIT_LOC_STRINGS = NO;
				SWIFT_VERSION = 5.0;
				TARGETED_DEVICE_FAMILY = "1,2";
				TEST_TARGET_NAME = "Multiply Project";
			};
			name = Release;
		};
/* End XCBuildConfiguration section */

/* Begin XCConfigurationList section */
		F94D324E28D0CAA70099E6D6 /* Build configuration list for PBXProject "Multiply Project" */ = {
			isa = XCConfigurationList;
			buildConfigurations = (
				F94D327528D0CAA90099E6D6 /* Debug */,
				F94D327628D0CAA90099E6D6 /* Release */,
			);
			defaultConfigurationIsVisible = 0;
			defaultConfigurationName = Release;
		};
		F94D327728D0CAA90099E6D6 /* Build configuration list for PBXNativeTarget "Multiply Project" */ = {
			isa = XCConfigurationList;
			buildConfigurations = (
				F94D327828D0CAA90099E6D6 /* Debug */,
				F94D327928D0CAA90099E6D6 /* Release */,
			);
			defaultConfigurationIsVisible = 0;
			defaultConfigurationName = Release;
		};
		F94D327A28D0CAA90099E6D6 /* Build configuration list for PBXNativeTarget "Multiply ProjectTests" */ = {
			isa = XCConfigurationList;
			buildConfigurations = (
				F94D327B28D0CAA90099E6D6 /* Debug */,
				F94D327C28D0CAA90099E6D6 /* Release */,
			);
			defaultConfigurationIsVisible = 0;
			defaultConfigurationName = Release;
		};
		F94D327D28D0CAA90099E6D6 /* Build configuration list for PBXNativeTarget "Multiply ProjectUITests" */ = {
			isa = XCConfigurationList;
			buildConfigurations = (
				F94D327E28D0CAA90099E6D6 /* Debug */,
				F94D327F28D0CAA90099E6D6 /* Release */,
			);
			defaultConfigurationIsVisible = 0;
			defaultConfigurationName = Release;
		};
/* End XCConfigurationList section */
	};
	rootObject = F94D324B28D0CAA70099E6D6 /* Project object */;
}
